
Microsoft Visual Studio Solution File, Format Version 12.00
# Visual Studio 15
VisualStudioVersion = 15.0.27428.2011
MinimumVisualStudioVersion = 10.0.40219.1
Project("{FAE04EC0-301F-11D3-BF4B-00C04F79EFBC}") = "BankApplication", "BankApplication\BankApplication.csproj", "{001D6192-6F59-4541-BD07-72E1D79A73EC}"
EndProject
Project("{FAE04EC0-301F-11D3-BF4B-00C04F79EFBC}") = "BankLibrary", "BankLibrary\BankLibrary.csproj", "{8552DF0F-931D-4199-BCD8-11F2C75BB52B}"
EndProject
Global
	GlobalSection(SolutionConfigurationPlatforms) = preSolution
		Debug|Any CPU = Debug|Any CPU
		Release|Any CPU = Release|Any CPU
	EndGlobalSection
	GlobalSection(ProjectConfigurationPlatforms) = postSolution
		{001D6192-6F59-4541-BD07-72E1D79A73EC}.Debug|Any CPU.ActiveCfg = Debug|Any CPU
		{001D6192-6F59-4541-BD07-72E1D79A73EC}.Debug|Any CPU.Build.0 = Debug|Any CPU
		{001D6192-6F59-4541-BD07-72E1D79A73EC}.Release|Any CPU.ActiveCfg = Release|Any CPU
		{001D6192-6F59-4541-BD07-72E1D79A73EC}.Release|Any CPU.Build.0 = Release|Any CPU
		{8552DF0F-931D-4199-BCD8-11F2C75BB52B}.Debug|Any CPU.ActiveCfg = Debug|Any CPU
		{8552DF0F-931D-4199-BCD8-11F2C75BB52B}.Debug|Any CPU.Build.0 = Debug|Any CPU
		{8552DF0F-931D-4199-BCD8-11F2C75BB52B}.Release|Any CPU.ActiveCfg = Release|Any CPU
		{8552DF0F-931D-4199-BCD8-11F2C75BB52B}.Release|Any CPU.Build.0 = Release|Any CPU
	EndGlobalSection
	GlobalSection(SolutionProperties) = preSolution
		HideSolutionNode = FALSE
	EndGlobalSection
	GlobalSection(ExtensibilityGlobals) = postSolution
		SolutionGuid = {A8F08DA0-D52B-4CA8-90B9-4AC2EF962095}
	EndGlobalSection
EndGlobal
